
Microsoft Visual Studio Solution File, Format Version 12.00
# Visual Studio Version 17
VisualStudioVersion = 17.13.36105.23 d17.13
MinimumVisualStudioVersion = 10.0.40219.1
Project("{FAE04EC0-301F-11D3-BF4B-00C04F79EFBC}") = "User Login", "User Login.csproj", "{2710E93B-7304-4792-94AE-2D4AFBAAC62B}"
EndProject
Global
	GlobalSection(SolutionConfigurationPlatforms) = preSolution
		Debug|Any CPU = Debug|Any CPU
		Release|Any CPU = Release|Any CPU
	EndGlobalSection
	GlobalSection(ProjectConfigurationPlatforms) = postSolution
		{2710E93B-7304-4792-94AE-2D4AFBAAC62B}.Debug|Any CPU.ActiveCfg = Debug|Any CPU
		{2710E93B-7304-4792-94AE-2D4AFBAAC62B}.Debug|Any CPU.Build.0 = Debug|Any CPU
		{2710E93B-7304-4792-94AE-2D4AFBAAC62B}.Release|Any CPU.ActiveCfg = Release|Any CPU
		{2710E93B-7304-4792-94AE-2D4AFBAAC62B}.Release|Any CPU.Build.0 = Release|Any CPU
	EndGlobalSection
	GlobalSection(SolutionProperties) = preSolution
		HideSolutionNode = FALSE
	EndGlobalSection
	GlobalSection(ExtensibilityGlobals) = postSolution
		SolutionGuid = {7DA42C21-AE8E-448F-875E-7F3BCFB9EC2C}
	EndGlobalSection
EndGlobal
